// !$*UTF8*$!
{
	archiveVersion = 1;
	classes = {
	};
	objectVersion = 48;
	objects = {

/* Begin PBXBuildFile section */
		8BC2E6F51FABE56B0066F88B /* AppDelegate.swift in Sources */ = {isa = PBXBuildFile; fileRef = 8BC2E6F41FABE56B0066F88B /* AppDelegate.swift */; };
		8BC2E6F71FABE56B0066F88B /* ViewController.swift in Sources */ = {isa = PBXBuildFile; fileRef = 8BC2E6F61FABE56B0066F88B /* ViewController.swift */; };
		8BC2E6FA1FABE56B0066F88B /* Main.storyboard in Resources */ = {isa = PBXBuildFile; fileRef = 8BC2E6F81FABE56B0066F88B /* Main.storyboard */; };
		8BC2E6FD1FABE56B0066F88B /* AlamoFireProject.xcdatamodeld in Sources */ = {isa = PBXBuildFile; fileRef = 8BC2E6FB1FABE56B0066F88B /* AlamoFireProject.xcdatamodeld */; };
		8BC2E6FF1FABE56B0066F88B /* Assets.xcassets in Resources */ = {isa = PBXBuildFile; fileRef = 8BC2E6FE1FABE56B0066F88B /* Assets.xcassets */; };
		8BC2E7021FABE56B0066F88B /* LaunchScreen.storyboard in Resources */ = {isa = PBXBuildFile; fileRef = 8BC2E7001FABE56B0066F88B /* LaunchScreen.storyboard */; };
		8BC2E70A1FABE9060066F88B /* Alamofire.framework in Frameworks */ = {isa = PBXBuildFile; fileRef = 8BC2E7091FABE9060066F88B /* Alamofire.framework */; };
		8BC2E70B1FABED1F0066F88B /* Alamofire.framework in Frameworks */ = {isa = PBXBuildFile; fileRef = 8BC2E7091FABE9060066F88B /* Alamofire.framework */; };
		8BC2E70C1FABED1F0066F88B /* Alamofire.framework in Embed Frameworks */ = {isa = PBXBuildFile; fileRef = 8BC2E7091FABE9060066F88B /* Alamofire.framework */; settings = {ATTRIBUTES = (CodeSignOnCopy, RemoveHeadersOnCopy, ); }; };
/* End PBXBuildFile section */

/* Begin PBXCopyFilesBuildPhase section */
		8BC2E70D1FABED200066F88B /* Embed Frameworks */ = {
			isa = PBXCopyFilesBuildPhase;
			buildActionMask = 2147483647;
			dstPath = "";
			dstSubfolderSpec = 10;
			files = (
				8BC2E70C1FABED1F0066F88B /* Alamofire.framework in Embed Frameworks */,
			);
			name = "Embed Frameworks";
			runOnlyForDeploymentPostprocessing = 0;
		};
/* End PBXCopyFilesBuildPhase section */

/* Begin PBXFileReference section */
		8BC2E6F11FABE56B0066F88B /* AlamoFireProject.app */ = {isa = PBXFileReference; explicitFileType = wrapper.application; includeInIndex = 0; path = AlamoFireProject.app; sourceTree = BUILT_PRODUCTS_DIR; };
		8BC2E6F41FABE56B0066F88B /* AppDelegate.swift */ = {isa = PBXFileReference; lastKnownFileType = sourcecode.swift; path = AppDelegate.swift; sourceTree = "<group>"; };
		8BC2E6F61FABE56B0066F88B /* ViewController.swift */ = {isa = PBXFileReference; lastKnownFileType = sourcecode.swift; path = ViewController.swift; sourceTree = "<group>"; };
		8BC2E6F91FABE56B0066F88B /* Base */ = {isa = PBXFileReference; lastKnownFileType = file.storyboard; name = Base; path = Base.lproj/Main.storyboard; sourceTree = "<group>"; };
		8BC2E6FC1FABE56B0066F88B /* AlamoFireProject.xcdatamodel */ = {isa = PBXFileReference; lastKnownFileType = wrapper.xcdatamodel; path = AlamoFireProject.xcdatamodel; sourceTree = "<group>"; };
		8BC2E6FE1FABE56B0066F88B /* Assets.xcassets */ = {isa = PBXFileReference; lastKnownFileType = folder.assetcatalog; path = Assets.xcassets; sourceTree = "<group>"; };
		8BC2E7011FABE56B0066F88B /* Base */ = {isa = PBXFileReference; lastKnownFileType = file.storyboard; name = Base; path = Base.lproj/LaunchScreen.storyboard; sourceTree = "<group>"; };
		8BC2E7031FABE56B0066F88B /* Info.plist */ = {isa = PBXFileReference; lastKnownFileType = text.plist.xml; path = Info.plist; sourceTree = "<group>"; };
		8BC2E7091FABE9060066F88B /* Alamofire.framework */ = {isa = PBXFileReference; lastKnownFileType = wrapper.framework; name = Alamofire.framework; path = Carthage/Build/iOS/Alamofire.framework; sourceTree = SOURCE_ROOT; };
/* End PBXFileReference section */

/* Begin PBXFrameworksBuildPhase section */
		8BC2E6EE1FABE56B0066F88B /* Frameworks */ = {
			isa = PBXFrameworksBuildPhase;
			buildActionMask = 2147483647;
			files = (
				8BC2E70A1FABE9060066F88B /* Alamofire.framework in Frameworks */,
				8BC2E70B1FABED1F0066F88B /* Alamofire.framework in Frameworks */,
			);
			runOnlyForDeploymentPostprocessing = 0;
		};
/* End PBXFrameworksBuildPhase section */

/* Begin PBXGroup section */
		8BC2E6E81FABE56B0066F88B = {
			isa = PBXGroup;
			children = (
				8BC2E6F31FABE56B0066F88B /* AlamoFireProject */,
				8BC2E6F21FABE56B0066F88B /* Products */,
			);
			sourceTree = "<group>";
		};
		8BC2E6F21FABE56B0066F88B /* Products */ = {
			isa = PBXGroup;
			children = (
				8BC2E6F11FABE56B0066F88B /* AlamoFireProject.app */,
			);
			name = Products;
			sourceTree = "<group>";
		};
		8BC2E6F31FABE56B0066F88B /* AlamoFireProject */ = {
			isa = PBXGroup;
			children = (
				8BC2E7091FABE9060066F88B /* Alamofire.framework */,
				8BC2E6F41FABE56B0066F88B /* AppDelegate.swift */,
				8BC2E6F61FABE56B0066F88B /* ViewController.swift */,
				8BC2E6F81FABE56B0066F88B /* Main.storyboard */,
				8BC2E6FE1FABE56B0066F88B /* Assets.xcassets */,
				8BC2E7001FABE56B0066F88B /* LaunchScreen.storyboard */,
				8BC2E7031FABE56B0066F88B /* Info.plist */,
				8BC2E6FB1FABE56B0066F88B /* AlamoFireProject.xcdatamodeld */,
			);
			path = AlamoFireProject;
			sourceTree = "<group>";
		};
/* End PBXGroup section */

/* Begin PBXNativeTarget section */
		8BC2E6F01FABE56B0066F88B /* AlamoFireProject */ = {
			isa = PBXNativeTarget;
			buildConfigurationList = 8BC2E7061FABE56B0066F88B /* Build configuration list for PBXNativeTarget "AlamoFireProject" */;
			buildPhases = (
				8BC2E6ED1FABE56B0066F88B /* Sources */,
				8BC2E6EE1FABE56B0066F88B /* Frameworks */,
				8BC2E6EF1FABE56B0066F88B /* Resources */,
				8BC2E70D1FABED200066F88B /* Embed Frameworks */,
			);
			buildRules = (
			);
			dependencies = (
			);
			name = AlamoFireProject;
			productName = AlamoFireProject;
			productReference = 8BC2E6F11FABE56B0066F88B /* AlamoFireProject.app */;
			productType = "com.apple.product-type.application";
		};
/* End PBXNativeTarget section */

/* Begin PBXProject section */
		8BC2E6E91FABE56B0066F88B /* Project object */ = {
			isa = PBXProject;
			attributes = {
				LastSwiftUpdateCheck = 0910;
				LastUpgradeCheck = 0910;
				ORGANIZATIONNAME = vegans;
				TargetAttributes = {
					8BC2E6F01FABE56B0066F88B = {
						CreatedOnToolsVersion = 9.1;
						ProvisioningStyle = Automatic;
					};
				};
			};
			buildConfigurationList = 8BC2E6EC1FABE56B0066F88B /* Build configuration list for PBXProject "AlamoFireProject" */;
			compatibilityVersion = "Xcode 8.0";
			developmentRegion = en;
			hasScannedForEncodings = 0;
			knownRegions = (
				en,
				Base,
			);
			mainGroup = 8BC2E6E81FABE56B0066F88B;
			productRefGroup = 8BC2E6F21FABE56B0066F88B /* Products */;
			projectDirPath = "";
			projectRoot = "";
			targets = (
				8BC2E6F01FABE56B0066F88B /* AlamoFireProject */,
			);
		};
/* End PBXProject section */

/* Begin PBXResourcesBuildPhase section */
		8BC2E6EF1FABE56B0066F88B /* Resources */ = {
			isa = PBXResourcesBuildPhase;
			buildActionMask = 2147483647;
			files = (
				8BC2E7021FABE56B0066F88B /* LaunchScreen.storyboard in Resources */,
				8BC2E6FF1FABE56B0066F88B /* Assets.xcassets in Resources */,
				8BC2E6FA1FABE56B0066F88B /* Main.storyboard in Resources */,
			);
			runOnlyForDeploymentPostprocessing = 0;
		};
/* End PBXResourcesBuildPhase section */

/* Begin PBXSourcesBuildPhase section */
		8BC2E6ED1FABE56B0066F88B /* Sources */ = {
			isa = PBXSourcesBuildPhase;
			buildActionMask = 2147483647;
			files = (
				8BC2E6F71FABE56B0066F88B /* ViewController.swift in Sources */,
				8BC2E6F51FABE56B0066F88B /* AppDelegate.swift in Sources */,
				8BC2E6FD1FABE56B0066F88B /* AlamoFireProject.xcdatamodeld in Sources */,
			);
			runOnlyForDeploymentPostprocessing = 0;
		};
/* End PBXSourcesBuildPhase section */

/* Begin PBXVariantGroup section */
		8BC2E6F81FABE56B0066F88B /* Main.storyboard */ = {
			isa = PBXVariantGroup;
			children = (
				8BC2E6F91FABE56B0066F88B /* Base */,
			);
			name = Main.storyboard;
			sourceTree = "<group>";
		};
		8BC2E7001FABE56B0066F88B /* LaunchScreen.storyboard */ = {
			isa = PBXVariantGroup;
			children = (
				8BC2E7011FABE56B0066F88B /* Base */,
			);
			name = LaunchScreen.storyboard;
			sourceTree = "<group>";
		};
/* End PBXVariantGroup section */

/* Begin XCBuildConfiguration section */
		8BC2E7041FABE56B0066F88B /* Debug */ = {
			isa = XCBuildConfiguration;
			buildSettings = {
				ALWAYS_SEARCH_USER_PATHS = NO;
				CLANG_ANALYZER_NONNULL = YES;
				CLANG_ANALYZER_NUMBER_OBJECT_CONVERSION = YES_AGGRESSIVE;
				CLANG_CXX_LANGUAGE_STANDARD = "gnu++14";
				CLANG_CXX_LIBRARY = "libc++";
				CLANG_ENABLE_MODULES = YES;
				CLANG_ENABLE_OBJC_ARC = YES;
				CLANG_WARN_BLOCK_CAPTURE_AUTORELEASING = YES;
				CLANG_WARN_BOOL_CONVERSION = YES;
				CLANG_WARN_COMMA = YES;
				CLANG_WARN_CONSTANT_CONVERSION = YES;
				CLANG_WARN_DIRECT_OBJC_ISA_USAGE = YES_ERROR;
				CLANG_WARN_DOCUMENTATION_COMMENTS = YES;
				CLANG_WARN_EMPTY_BODY = YES;
				CLANG_WARN_ENUM_CONVERSION = YES;
				CLANG_WARN_INFINITE_RECURSION = YES;
				CLANG_WARN_INT_CONVERSION = YES;
				CLANG_WARN_NON_LITERAL_NULL_CONVERSION = YES;
				CLANG_WARN_OBJC_LITERAL_CONVERSION = YES;
				CLANG_WARN_OBJC_ROOT_CLASS = YES_ERROR;
				CLANG_WARN_RANGE_LOOP_ANALYSIS = YES;
				CLANG_WARN_STRICT_PROTOTYPES = YES;
				CLANG_WARN_SUSPICIOUS_MOVE = YES;
				CLANG_WARN_UNGUARDED_AVAILABILITY = YES_AGGRESSIVE;
				CLANG_WARN_UNREACHABLE_CODE = YES;
				CLANG_WARN__DUPLICATE_METHOD_MATCH = YES;
				CODE_SIGN_IDENTITY = "iPhone Developer";
				COPY_PHASE_STRIP = NO;
				DEBUG_INFORMATION_FORMAT = dwarf;
				ENABLE_STRICT_OBJC_MSGSEND = YES;
				ENABLE_TESTABILITY = YES;
				GCC_C_LANGUAGE_STANDARD = gnu11;
				GCC_DYNAMIC_NO_PIC = NO;
				GCC_NO_COMMON_BLOCKS = YES;
				GCC_OPTIMIZATION_LEVEL = 0;
				GCC_PREPROCESSOR_DEFINITIONS = (
					"DEBUG=1",
					"$(inherited)",
				);
				GCC_WARN_64_TO_32_BIT_CONVERSION = YES;
				GCC_WARN_ABOUT_RETURN_TYPE = YES_ERROR;
				GCC_WARN_UNDECLARED_SELECTOR = YES;
				GCC_WARN_UNINITIALIZED_AUTOS = YES_AGGRESSIVE;
				GCC_WARN_UNUSED_FUNCTION = YES;
				GCC_WARN_UNUSED_VARIABLE = YES;
				IPHONEOS_DEPLOYMENT_TARGET = 11.1;
				MTL_ENABLE_DEBUG_INFO = YES;
				ONLY_ACTIVE_ARCH = YES;
				SDKROOT = iphoneos;
				SWIFT_ACTIVE_COMPILATION_CONDITIONS = DEBUG;
				SWIFT_OPTIMIZATION_LEVEL = "-Onone";
			};
			name = Debug;
		};
		8BC2E7051FABE56B0066F88B /* Release */ = {
			isa = XCBuildConfiguration;
			buildSettings = {
				ALWAYS_SEARCH_USER_PATHS = NO;
				CLANG_ANALYZER_NONNULL = YES;
				CLANG_ANALYZER_NUMBER_OBJECT_CONVERSION = YES_AGGRESSIVE;
				CLANG_CXX_LANGUAGE_STANDARD = "gnu++14";
				CLANG_CXX_LIBRARY = "libc++";
				CLANG_ENABLE_MODULES = YES;
				CLANG_ENABLE_OBJC_ARC = YES;
				CLANG_WARN_BLOCK_CAPTURE_AUTORELEASING = YES;
				CLANG_WARN_BOOL_CONVERSION = YES;
				CLANG_WARN_COMMA = YES;
				CLANG_WARN_CONSTANT_CONVERSION = YES;
				CLANG_WARN_DIRECT_OBJC_ISA_USAGE = YES_ERROR;
				CLANG_WARN_DOCUMENTATION_COMMENTS = YES;
				CLANG_WARN_EMPTY_BODY = YES;
				CLANG_WARN_ENUM_CONVERSION = YES;
				CLANG_WARN_INFINITE_RECURSION = YES;
				CLANG_WARN_INT_CONVERSION = YES;
				CLANG_WARN_NON_LITERAL_NULL_CONVERSION = YES;
				CLANG_WARN_OBJC_LITERAL_CONVERSION = YES;
				CLANG_WARN_OBJC_ROOT_CLASS = YES_ERROR;
				CLANG_WARN_RANGE_LOOP_ANALYSIS = YES;
				CLANG_WARN_STRICT_PROTOTYPES = YES;
				CLANG_WARN_SUSPICIOUS_MOVE = YES;
				CLANG_WARN_UNGUARDED_AVAILABILITY = YES_AGGRESSIVE;
				CLANG_WARN_UNREACHABLE_CODE = YES;
				CLANG_WARN__DUPLICATE_METHOD_MATCH = YES;
				CODE_SIGN_IDENTITY = "iPhone Developer";
				COPY_PHASE_STRIP = NO;
				DEBUG_INFORMATION_FORMAT = "dwarf-with-dsym";
				ENABLE_NS_ASSERTIONS = NO;
				ENABLE_STRICT_OBJC_MSGSEND = YES;
				GCC_C_LANGUAGE_STANDARD = gnu11;
				GCC_NO_COMMON_BLOCKS = YES;
				GCC_WARN_64_TO_32_BIT_CONVERSION = YES;
				GCC_WARN_ABOUT_RETURN_TYPE = YES_ERROR;
				GCC_WARN_UNDECLARED_SELECTOR = YES;
				GCC_WARN_UNINITIALIZED_AUTOS = YES_AGGRESSIVE;
				GCC_WARN_UNUSED_FUNCTION = YES;
				GCC_WARN_UNUSED_VARIABLE = YES;
				IPHONEOS_DEPLOYMENT_TARGET = 11.1;
				MTL_ENABLE_DEBUG_INFO = NO;
				SDKROOT = iphoneos;
				SWIFT_OPTIMIZATION_LEVEL = "-Owholemodule";
				VALIDATE_PRODUCT = YES;
			};
			name = Release;
		};
		8BC2E7071FABE56B0066F88B /* Debug */ = {
			isa = XCBuildConfiguration;
			buildSettings = {
				ASSETCATALOG_COMPILER_APPICON_NAME = AppIcon;
				CODE_SIGN_STYLE = Automatic;
				FRAMEWORK_SEARCH_PATHS = (
					"$(inherited)",
					"$(PROJECT_DIR)/Carthage/Build/iOS",
				);
				INFOPLIST_FILE = AlamoFireProject/Info.plist;
				LD_RUNPATH_SEARCH_PATHS = "$(inherited) @executable_path/Frameworks";
				PRODUCT_BUNDLE_IDENTIFIER = vegans.AlamoFireProject;
				PRODUCT_NAME = "$(TARGET_NAME)";
				SWIFT_VERSION = 4.0;
				TARGETED_DEVICE_FAMILY = "1,2";
			};
			name = Debug;
		};
		8BC2E7081FABE56B0066F88B /* Release */ = {
			isa = XCBuildConfiguration;
			buildSettings = {
				ASSETCATALOG_COMPILER_APPICON_NAME = AppIcon;
				CODE_SIGN_STYLE = Automatic;
				FRAMEWORK_SEARCH_PATHS = (
					"$(inherited)",
					"$(PROJECT_DIR)/Carthage/Build/iOS",
				);
				INFOPLIST_FILE = AlamoFireProject/Info.plist;
				LD_RUNPATH_SEARCH_PATHS = "$(inherited) @executable_path/Frameworks";
				PRODUCT_BUNDLE_IDENTIFIER = vegans.AlamoFireProject;
				PRODUCT_NAME = "$(TARGET_NAME)";
				SWIFT_VERSION = 4.0;
				TARGETED_DEVICE_FAMILY = "1,2";
			};
			name = Release;
		};
/* End XCBuildConfiguration section */

/* Begin XCConfigurationList section */
		8BC2E6EC1FABE56B0066F88B /* Build configuration list for PBXProject "AlamoFireProject" */ = {
			isa = XCConfigurationList;
			buildConfigurations = (
				8BC2E7041FABE56B0066F88B /* Debug */,
				8BC2E7051FABE56B0066F88B /* Release */,
			);
			defaultConfigurationIsVisible = 0;
			defaultConfigurationName = Release;
		};
		8BC2E7061FABE56B0066F88B /* Build configuration list for PBXNativeTarget "AlamoFireProject" */ = {
			isa = XCConfigurationList;
			buildConfigurations = (
				8BC2E7071FABE56B0066F88B /* Debug */,
				8BC2E7081FABE56B0066F88B /* Release */,
			);
			defaultConfigurationIsVisible = 0;
			defaultConfigurationName = Release;
		};
/* End XCConfigurationList section */

/* Begin XCVersionGroup section */
		8BC2E6FB1FABE56B0066F88B /* AlamoFireProject.xcdatamodeld */ = {
			isa = XCVersionGroup;
			children = (
				8BC2E6FC1FABE56B0066F88B /* AlamoFireProject.xcdatamodel */,
			);
			currentVersion = 8BC2E6FC1FABE56B0066F88B /* AlamoFireProject.xcdatamodel */;
			path = AlamoFireProject.xcdatamodeld;
			sourceTree = "<group>";
			versionGroupType = wrapper.xcdatamodel;
		};
/* End XCVersionGroup section */
	};
	rootObject = 8BC2E6E91FABE56B0066F88B /* Project object */;
}
